
Microsoft Visual Studio Solution File, Format Version 12.00
# Visual Studio Version 16
VisualStudioVersion = 16.0.31424.327
MinimumVisualStudioVersion = 10.0.40219.1
Project("{FAE04EC0-301F-11D3-BF4B-00C04F79EFBC}") = "lesson5", "lesson5\lesson5.csproj", "{07A4B61C-D373-4BB0-AE88-964465FE4151}"
EndProject
Global
	GlobalSection(SolutionConfigurationPlatforms) = preSolution
		Debug|Any CPU = Debug|Any CPU
		Release|Any CPU = Release|Any CPU
	EndGlobalSection
	GlobalSection(ProjectConfigurationPlatforms) = postSolution
		{07A4B61C-D373-4BB0-AE88-964465FE4151}.Debug|Any CPU.ActiveCfg = Debug|Any CPU
		{07A4B61C-D373-4BB0-AE88-964465FE4151}.Debug|Any CPU.Build.0 = Debug|Any CPU
		{07A4B61C-D373-4BB0-AE88-964465FE4151}.Release|Any CPU.ActiveCfg = Release|Any CPU
		{07A4B61C-D373-4BB0-AE88-964465FE4151}.Release|Any CPU.Build.0 = Release|Any CPU
	EndGlobalSection
	GlobalSection(SolutionProperties) = preSolution
		HideSolutionNode = FALSE
	EndGlobalSection
	GlobalSection(ExtensibilityGlobals) = postSolution
		SolutionGuid = {3DE9CE6B-865B-46C6-A1C5-C443D26ECB78}
	EndGlobalSection
EndGlobal
